dependencies:
- name: redis
  repository: https://charts.bitnami.com/bitnami
  version: 24.0.7
- name: mysql
  repository: https://charts.bitnami.com/bitnami
  version: 14.0.3
digest: sha256:e4686ec3cfb20653a7bd2b34d98eaf2e9f5dad9cc7a29f1f4ff69334ba84736c
generated: "2025-12-11T14:02:52.837478066Z"
