dependencies:
- name: redis
  repository: https://charts.bitnami.com/bitnami
  version: 20.3.0
- name: mysql
  repository: https://charts.bitnami.com/bitnami
  version: 11.1.20
digest: sha256:3867f5805cd060df02c28a36eb7ba69f614dba0d0bbd0d04af1ddd6ba8c245cd
generated: "2024-11-14T14:30:03.582607249Z"
